
Microsoft Visual Studio Solution File, Format Version 12.00
# Visual Studio Version 17
VisualStudioVersion = 17.11.35208.52
MinimumVisualStudioVersion = 10.0.40219.1
Project("{FAE04EC0-301F-11D3-BF4B-00C04F79EFBC}") = "TestProjeckt", "TestProjeckt.csproj", "{2B90A009-D33A-4DFD-A4FA-4DE7EAAC67E8}"
EndProject
Global
	GlobalSection(SolutionConfigurationPlatforms) = preSolution
		Debug|Any CPU = Debug|Any CPU
		Release|Any CPU = Release|Any CPU
	EndGlobalSection
	GlobalSection(ProjectConfigurationPlatforms) = postSolution
		{2B90A009-D33A-4DFD-A4FA-4DE7EAAC67E8}.Debug|Any CPU.ActiveCfg = Debug|Any CPU
		{2B90A009-D33A-4DFD-A4FA-4DE7EAAC67E8}.Debug|Any CPU.Build.0 = Debug|Any CPU
		{2B90A009-D33A-4DFD-A4FA-4DE7EAAC67E8}.Release|Any CPU.ActiveCfg = Release|Any CPU
		{2B90A009-D33A-4DFD-A4FA-4DE7EAAC67E8}.Release|Any CPU.Build.0 = Release|Any CPU
	EndGlobalSection
	GlobalSection(SolutionProperties) = preSolution
		HideSolutionNode = FALSE
	EndGlobalSection
	GlobalSection(ExtensibilityGlobals) = postSolution
		SolutionGuid = {64907E22-995C-4CAE-AC3B-1CE9E315B63E}
	EndGlobalSection
EndGlobal
